{
  "name": "silentium-validation",
  "version": "1.0.0",
  "lockfileVersion": 3,
  "requires": true,
  "packages": {
    "": {
      "name": "silentium-validation",
      "version": "1.0.0",
      "license": "ISC",
      "dependencies": {
        "silentium": "^0.0.105"
      }
    },
    "node_modules/silentium": {
      "version": "0.0.105",
      "resolved": "https://registry.npmjs.org/silentium/-/silentium-0.0.105.tgz",
      "integrity": "sha512-NCBJjigOgDByGMp9TiWU42cAAwDdjiTCsLDX0yUYL6UovxUv01HJFYMLXiSdEabDZRLok/n6SwnIg8FNGswiBg==",
      "license": "MIT"
    }
  }
}
